# THIS IS AN AUTOGENERATED FILE. DO NOT EDIT THIS FILE DIRECTLY.
# yarn lockfile v1


"dlts-open-square-standard-identifiers@git+ssh://git@github.com:NYULibraries/dlts-open-square-standard-identifiers.git":
  version "0.0.0"
  resolved "git+ssh://git@github.com:NYULibraries/dlts-open-square-standard-identifiers.git#040b684b021ce33935123549d61ac828c2482ac4"
